
Microsoft Visual Studio Solution File, Format Version 12.00
# Visual Studio Version 17
VisualStudioVersion = 17.4.33205.214
MinimumVisualStudioVersion = 10.0.40219.1
Project("{FAE04EC0-301F-11D3-BF4B-00C04F79EFBC}") = "NatsMnemoschemeWriter", "NatsMnemoschemeWriter\NatsMnemoschemeWriter.csproj", "{70EDCDD0-F31C-4936-8EA9-788092A36DAF}"
EndProject
Global
	GlobalSection(SolutionConfigurationPlatforms) = preSolution
		Debug|Any CPU = Debug|Any CPU
		Release|Any CPU = Release|Any CPU
	EndGlobalSection
	GlobalSection(ProjectConfigurationPlatforms) = postSolution
		{70EDCDD0-F31C-4936-8EA9-788092A36DAF}.Debug|Any CPU.ActiveCfg = Debug|Any CPU
		{70EDCDD0-F31C-4936-8EA9-788092A36DAF}.Debug|Any CPU.Build.0 = Debug|Any CPU
		{70EDCDD0-F31C-4936-8EA9-788092A36DAF}.Release|Any CPU.ActiveCfg = Release|Any CPU
		{70EDCDD0-F31C-4936-8EA9-788092A36DAF}.Release|Any CPU.Build.0 = Release|Any CPU
	EndGlobalSection
	GlobalSection(SolutionProperties) = preSolution
		HideSolutionNode = FALSE
	EndGlobalSection
	GlobalSection(ExtensibilityGlobals) = postSolution
		SolutionGuid = {0C17F8C8-B1BF-494A-8E6A-3149D1522D0A}
	EndGlobalSection
EndGlobal
